# This file was autogenerated by Stack.
# You should not edit this file by hand.
# For more information, please see the documentation at:
#   https://docs.haskellstack.org/en/stable/lock_files

packages:
- completed:
    hackage: web-push-0.3@sha256:3f3993836babe04f06f834ac7efc5ddeb656e28c6b845236a11752594da7a175,2572
    pantry-tree:
      sha256: c762b4ec943356489c17d3735fc2e0a498cdf63fbaf799edd8e0c731390fbca3
      size: 451
  original:
    hackage: web-push-0.3@sha256:3f3993836babe04f06f834ac7efc5ddeb656e28c6b845236a11752594da7a175,2572
snapshots:
- completed:
    sha256: e2c529ccfb21501f98f639e056cbde50470b86256d9849d7a82d414ca23e4276
    size: 712898
    url: https://raw.githubusercontent.com/commercialhaskell/stackage-snapshots/master/lts/22/12.yaml
  original:
    url: https://raw.githubusercontent.com/commercialhaskell/stackage-snapshots/master/lts/22/12.yaml
