# This file was autogenerated by Stack.
# You should not edit this file by hand.
# For more information, please see the documentation at:
#   https://docs.haskellstack.org/en/stable/lock_files

packages:
- completed:
    commit: f52808bd5cf1c9a730d1b5a1569642787a413944
    git: https://github.com/sarthakbagaria/web-push.git
    name: web-push
    pantry-tree:
      sha256: 549a464b6a42e2ca787824691310eb995a9bb77d593b961c7f18c21a71dbd8c5
      size: 1110
    version: '0.4'
  original:
    commit: f52808bd5cf1c9a730d1b5a1569642787a413944
    git: https://github.com/sarthakbagaria/web-push.git
snapshots:
- completed:
    sha256: 87da71cb0ae9ee1ea1bf51a8eb9812f39f779be76abc0a3c926defd8afda05d1
    size: 719139
    url: https://raw.githubusercontent.com/commercialhaskell/stackage-snapshots/master/lts/22/28.yaml
  original:
    url: https://raw.githubusercontent.com/commercialhaskell/stackage-snapshots/master/lts/22/28.yaml
