# This file was autogenerated by Stack.
# You should not edit this file by hand.
# For more information, please see the documentation at:
#   https://docs.haskellstack.org/en/stable/lock_files

packages:
- completed:
    commit: dd73623ab16469e13f2620cd872cecaf996eeb4c
    git: https://github.com/sarthakbagaria/web-push.git
    name: web-push
    pantry-tree:
      sha256: 6a95d33c838e6987e68225cb66693c8d5825fc3c248c33fa996a895e47130d61
      size: 1110
    version: '0.4'
  original:
    commit: dd73623ab16469e13f2620cd872cecaf996eeb4c
    git: https://github.com/sarthakbagaria/web-push.git
snapshots:
- completed:
    sha256: b146f371d1a90abbd2aeae1da10f776951046be50eae55a6fe93548a74fcc0dd
    size: 713338
    url: https://raw.githubusercontent.com/commercialhaskell/stackage-snapshots/master/lts/22/21.yaml
  original:
    url: https://raw.githubusercontent.com/commercialhaskell/stackage-snapshots/master/lts/22/21.yaml
